Microsoft Visual Studio Solution File, Format Version 11.00
# Visual Studio 2008

Project("{880A7EF2-0988-E107-CB91-8E73BD969BD1}") = "Silence", "Assembly-CSharp.csproj", "{FE3E7749-9F2D-349F-57FF-AA9A0D524C34}"
EndProject
Global
	GlobalSection(SolutionConfigurationPlatforms) = preSolution
		Debug|Any CPU = Debug|Any CPU
		Release|Any CPU = Release|Any CPU
	EndGlobalSection
	GlobalSection(ProjectConfigurationPlatforms) = postSolution
		{FE3E7749-9F2D-349F-57FF-AA9A0D524C34}.Debug|Any CPU.ActiveCfg = Debug|Any CPU
		{FE3E7749-9F2D-349F-57FF-AA9A0D524C34}.Debug|Any CPU.Build.0 = Debug|Any CPU
		{FE3E7749-9F2D-349F-57FF-AA9A0D524C34}.Release|Any CPU.ActiveCfg = Release|Any CPU
		{FE3E7749-9F2D-349F-57FF-AA9A0D524C34}.Release|Any CPU.Build.0 = Release|Any CPU
	EndGlobalSection
	GlobalSection(SolutionProperties) = preSolution
		HideSolutionNode = FALSE
	EndGlobalSection
	GlobalSection(MonoDevelopProperties) = preSolution
		StartupItem = Assembly-CSharp.csproj
	EndGlobalSection
EndGlobal
